# This file was autogenerated by Stack.
# You should not edit this file by hand.
# For more information, please see the documentation at:
#   https://docs.haskellstack.org/en/stable/lock_files

packages:
- completed:
    hackage: unexceptionalio-0.5.1@sha256:dfa3da738047ea55825be916559083fe3f0460ec699b3b10b7337edece7f43b3,1721
    pantry-tree:
      size: 273
      sha256: efb406a2a61b558b72dcbd6fb127a77d0cb3b6a72a11fc31cd85be9b079ed98f
  original:
    hackage: unexceptionalio-0.5.1
- completed:
    hackage: unexceptionalio-trans-0.5.1@sha256:918dc4216966d992d8016453af47d9ccc7d4721557f28e5996fc338c21b22538,1425
    pantry-tree:
      size: 229
      sha256: 23d9ba4f0324d9608e8524b7a1adbef7b33cdff7de263bb3f528e4172726b915
  original:
    hackage: unexceptionalio-trans-0.5.1
- completed:
    cabal-file:
      size: 1497
      sha256: 32c918b65cc7e93ed8c8dd63b7db47243b9f674d4e6eebe7971c2ace790c0034
    name: zio
    version: 0.1.0.0
    git: https://github.com/bbarker/haskell-zio.git
    pantry-tree:
      size: 727
      sha256: f69b4057a84a6896bdcfcb22e1d1a2c6afab4dd7a14faa7ad6c27108ca748ace
    commit: cef6eb5d1fcdc7bf21b1ee0edacd4b5f63270cd8
  original:
    git: https://github.com/bbarker/haskell-zio.git
    commit: cef6eb5d1fcdc7bf21b1ee0edacd4b5f63270cd8
snapshots:
- completed:
    size: 524996
    url: https://raw.githubusercontent.com/commercialhaskell/stackage-snapshots/master/lts/14/27.yaml
    sha256: 7ea31a280c56bf36ff591a7397cc384d0dff622e7f9e4225b47d8980f019a0f0
  original: lts-14.27
